
Microsoft Visual Studio Solution File, Format Version 12.00
# Visual Studio Version 17
VisualStudioVersion = 17.2.32602.215
MinimumVisualStudioVersion = 10.0.40219.1
Project("{FAE04EC0-301F-11D3-BF4B-00C04F79EFBC}") = "EncryptionExample", "EncryptionExample.csproj", "{8687B04E-55B5-4986-A99A-21E47BF7F393}"
EndProject
Global
	GlobalSection(SolutionConfigurationPlatforms) = preSolution
		Debug|Any CPU = Debug|Any CPU
		Release|Any CPU = Release|Any CPU
	EndGlobalSection
	GlobalSection(ProjectConfigurationPlatforms) = postSolution
		{8687B04E-55B5-4986-A99A-21E47BF7F393}.Debug|Any CPU.ActiveCfg = Debug|Any CPU
		{8687B04E-55B5-4986-A99A-21E47BF7F393}.Debug|Any CPU.Build.0 = Debug|Any CPU
		{8687B04E-55B5-4986-A99A-21E47BF7F393}.Release|Any CPU.ActiveCfg = Release|Any CPU
		{8687B04E-55B5-4986-A99A-21E47BF7F393}.Release|Any CPU.Build.0 = Release|Any CPU
	EndGlobalSection
	GlobalSection(SolutionProperties) = preSolution
		HideSolutionNode = FALSE
	EndGlobalSection
	GlobalSection(ExtensibilityGlobals) = postSolution
		SolutionGuid = {96DE5D89-D59D-445A-8C84-D3046EE0B8B7}
	EndGlobalSection
EndGlobal
